
Microsoft Visual Studio Solution File, Format Version 12.00
# Visual Studio Version 16
VisualStudioVersion = 16.0.30907.101
MinimumVisualStudioVersion = 10.0.40219.1
Project("{FAE04EC0-301F-11D3-BF4B-00C04F79EFBC}") = "inserts", "inserts\inserts.csproj", "{6F1FF1C0-2275-4188-A17C-584ECA9D45E9}"
EndProject
Global
	GlobalSection(SolutionConfigurationPlatforms) = preSolution
		Debug|Any CPU = Debug|Any CPU
		Release|Any CPU = Release|Any CPU
	EndGlobalSection
	GlobalSection(ProjectConfigurationPlatforms) = postSolution
		{6F1FF1C0-2275-4188-A17C-584ECA9D45E9}.Debug|Any CPU.ActiveCfg = Debug|Any CPU
		{6F1FF1C0-2275-4188-A17C-584ECA9D45E9}.Debug|Any CPU.Build.0 = Debug|Any CPU
		{6F1FF1C0-2275-4188-A17C-584ECA9D45E9}.Release|Any CPU.ActiveCfg = Release|Any CPU
		{6F1FF1C0-2275-4188-A17C-584ECA9D45E9}.Release|Any CPU.Build.0 = Release|Any CPU
	EndGlobalSection
	GlobalSection(SolutionProperties) = preSolution
		HideSolutionNode = FALSE
	EndGlobalSection
	GlobalSection(ExtensibilityGlobals) = postSolution
		SolutionGuid = {33D91D94-CFF7-4174-8A10-8CC2A5AA1F1B}
	EndGlobalSection
EndGlobal
